
Microsoft Visual Studio Solution File, Format Version 12.00
# Visual Studio Version 17
VisualStudioVersion = 17.2.32526.322
MinimumVisualStudioVersion = 10.0.40219.1
Project("{FAE04EC0-301F-11D3-BF4B-00C04F79EFBC}") = "LoyaltypointSystemLPS", "LoyaltypointSystemLPS.csproj", "{578B88A2-619C-4EF7-B4BB-E0C5AB7AF7F9}"
EndProject
Project("{FAE04EC0-301F-11D3-BF4B-00C04F79EFBC}") = "LPSApplayer", "..\LPSApplayer\LPSApplayer.csproj", "{7BC5C32F-5C78-48C1-A7BC-69A8C13FEB2B}"
EndProject
Project("{FAE04EC0-301F-11D3-BF4B-00C04F79EFBC}") = "LPSDataLayer", "..\LPSDataLayer\LPSDataLayer.csproj", "{726C4CB0-1E85-41F7-B043-85E217F1BE1A}"
EndProject
Global
	GlobalSection(SolutionConfigurationPlatforms) = preSolution
		Debug|Any CPU = Debug|Any CPU
		Release|Any CPU = Release|Any CPU
	EndGlobalSection
	GlobalSection(ProjectConfigurationPlatforms) = postSolution
		{578B88A2-619C-4EF7-B4BB-E0C5AB7AF7F9}.Debug|Any CPU.ActiveCfg = Debug|Any CPU
		{578B88A2-619C-4EF7-B4BB-E0C5AB7AF7F9}.Debug|Any CPU.Build.0 = Debug|Any CPU
		{578B88A2-619C-4EF7-B4BB-E0C5AB7AF7F9}.Release|Any CPU.ActiveCfg = Release|Any CPU
		{578B88A2-619C-4EF7-B4BB-E0C5AB7AF7F9}.Release|Any CPU.Build.0 = Release|Any CPU
		{7BC5C32F-5C78-48C1-A7BC-69A8C13FEB2B}.Debug|Any CPU.ActiveCfg = Debug|Any CPU
		{7BC5C32F-5C78-48C1-A7BC-69A8C13FEB2B}.Debug|Any CPU.Build.0 = Debug|Any CPU
		{7BC5C32F-5C78-48C1-A7BC-69A8C13FEB2B}.Release|Any CPU.ActiveCfg = Release|Any CPU
		{7BC5C32F-5C78-48C1-A7BC-69A8C13FEB2B}.Release|Any CPU.Build.0 = Release|Any CPU
		{726C4CB0-1E85-41F7-B043-85E217F1BE1A}.Debug|Any CPU.ActiveCfg = Debug|Any CPU
		{726C4CB0-1E85-41F7-B043-85E217F1BE1A}.Debug|Any CPU.Build.0 = Debug|Any CPU
		{726C4CB0-1E85-41F7-B043-85E217F1BE1A}.Release|Any CPU.ActiveCfg = Release|Any CPU
		{726C4CB0-1E85-41F7-B043-85E217F1BE1A}.Release|Any CPU.Build.0 = Release|Any CPU
	EndGlobalSection
	GlobalSection(SolutionProperties) = preSolution
		HideSolutionNode = FALSE
	EndGlobalSection
	GlobalSection(ExtensibilityGlobals) = postSolution
		SolutionGuid = {F56EB360-35A3-41B3-A48C-D22B539328F6}
	EndGlobalSection
EndGlobal
